
Microsoft Visual Studio Solution File, Format Version 12.00
# Visual Studio Version 17
VisualStudioVersion = 17.11.35219.272
MinimumVisualStudioVersion = 10.0.40219.1
Project("{9A19103F-16F7-4668-BE54-9A1E7A4F7556}") = "KartverketApplikasjon", "KartverketApplikasjon\KartverketApplikasjon.csproj", "{5B524F18-A701-4250-B032-9D17FE2022C0}"
EndProject
Project("{E53339B2-1760-4266-BCC7-CA923CBCF16C}") = "docker-compose", "docker-compose.dcproj", "{55375CD1-9F6A-4F2C-8B96-D12B1DACB36D}"
EndProject
Project("{9A19103F-16F7-4668-BE54-9A1E7A4F7556}") = "KartverketApplikasjon.Test", "..\..\..\OneDrive\Documents\KartverketApplikasjon.Test\KartverketApplikasjon.Test.csproj", "{01E5E09A-C612-470F-A35B-EA0C8C6A01A6}"
EndProject
Global
	GlobalSection(SolutionConfigurationPlatforms) = preSolution
		Debug|Any CPU = Debug|Any CPU
		Release|Any CPU = Release|Any CPU
	EndGlobalSection
	GlobalSection(ProjectConfigurationPlatforms) = postSolution
		{5B524F18-A701-4250-B032-9D17FE2022C0}.Debug|Any CPU.ActiveCfg = Debug|Any CPU
		{5B524F18-A701-4250-B032-9D17FE2022C0}.Debug|Any CPU.Build.0 = Debug|Any CPU
		{5B524F18-A701-4250-B032-9D17FE2022C0}.Release|Any CPU.ActiveCfg = Release|Any CPU
		{5B524F18-A701-4250-B032-9D17FE2022C0}.Release|Any CPU.Build.0 = Release|Any CPU
		{55375CD1-9F6A-4F2C-8B96-D12B1DACB36D}.Debug|Any CPU.ActiveCfg = Debug|Any CPU
		{55375CD1-9F6A-4F2C-8B96-D12B1DACB36D}.Debug|Any CPU.Build.0 = Debug|Any CPU
		{55375CD1-9F6A-4F2C-8B96-D12B1DACB36D}.Release|Any CPU.ActiveCfg = Release|Any CPU
		{55375CD1-9F6A-4F2C-8B96-D12B1DACB36D}.Release|Any CPU.Build.0 = Release|Any CPU
		{01E5E09A-C612-470F-A35B-EA0C8C6A01A6}.Debug|Any CPU.ActiveCfg = Debug|Any CPU
		{01E5E09A-C612-470F-A35B-EA0C8C6A01A6}.Debug|Any CPU.Build.0 = Debug|Any CPU
		{01E5E09A-C612-470F-A35B-EA0C8C6A01A6}.Release|Any CPU.ActiveCfg = Release|Any CPU
		{01E5E09A-C612-470F-A35B-EA0C8C6A01A6}.Release|Any CPU.Build.0 = Release|Any CPU
	EndGlobalSection
	GlobalSection(SolutionProperties) = preSolution
		HideSolutionNode = FALSE
	EndGlobalSection
	GlobalSection(ExtensibilityGlobals) = postSolution
		SolutionGuid = {B96256D0-FCE9-49D9-B16D-19990377D68F}
	EndGlobalSection
EndGlobal
