
Microsoft Visual Studio Solution File, Format Version 12.00
# Visual Studio Version 17
VisualStudioVersion = 17.11.35219.272
MinimumVisualStudioVersion = 10.0.40219.1
Project("{FAE04EC0-301F-11D3-BF4B-00C04F79EFBC}") = "KartverketApplikasjon", "KartverketApplikasjon\KartverketApplikasjon.csproj", "{5B524F18-A701-4250-B032-9D17FE2022C0}"
EndProject
Global
	GlobalSection(SolutionConfigurationPlatforms) = preSolution
		Debug|Any CPU = Debug|Any CPU
		Release|Any CPU = Release|Any CPU
	EndGlobalSection
	GlobalSection(ProjectConfigurationPlatforms) = postSolution
		{5B524F18-A701-4250-B032-9D17FE2022C0}.Debug|Any CPU.ActiveCfg = Debug|Any CPU
		{5B524F18-A701-4250-B032-9D17FE2022C0}.Debug|Any CPU.Build.0 = Debug|Any CPU
		{5B524F18-A701-4250-B032-9D17FE2022C0}.Release|Any CPU.ActiveCfg = Release|Any CPU
		{5B524F18-A701-4250-B032-9D17FE2022C0}.Release|Any CPU.Build.0 = Release|Any CPU
	EndGlobalSection
	GlobalSection(SolutionProperties) = preSolution
		HideSolutionNode = FALSE
	EndGlobalSection
	GlobalSection(ExtensibilityGlobals) = postSolution
		SolutionGuid = {B96256D0-FCE9-49D9-B16D-19990377D68F}
	EndGlobalSection
EndGlobal
